
Microsoft Visual Studio Solution File, Format Version 12.00
# Visual Studio Version 17
VisualStudioVersion = 17.8.34511.84
MinimumVisualStudioVersion = 10.0.40219.1
Project("{FAE04EC0-301F-11D3-BF4B-00C04F79EFBC}") = "SecureChatApp", "SecureChatApp\SecureChatApp.csproj", "{8D12124E-FCAF-4333-86E9-A2CBB6D830B4}"
EndProject
Global
	GlobalSection(SolutionConfigurationPlatforms) = preSolution
		Debug|Any CPU = Debug|Any CPU
		Release|Any CPU = Release|Any CPU
	EndGlobalSection
	GlobalSection(ProjectConfigurationPlatforms) = postSolution
		{8D12124E-FCAF-4333-86E9-A2CBB6D830B4}.Debug|Any CPU.ActiveCfg = Debug|Any CPU
		{8D12124E-FCAF-4333-86E9-A2CBB6D830B4}.Debug|Any CPU.Build.0 = Debug|Any CPU
		{8D12124E-FCAF-4333-86E9-A2CBB6D830B4}.Release|Any CPU.ActiveCfg = Release|Any CPU
		{8D12124E-FCAF-4333-86E9-A2CBB6D830B4}.Release|Any CPU.Build.0 = Release|Any CPU
	EndGlobalSection
	GlobalSection(SolutionProperties) = preSolution
		HideSolutionNode = FALSE
	EndGlobalSection
	GlobalSection(ExtensibilityGlobals) = postSolution
		SolutionGuid = {8A671373-511D-43F2-BC0A-07FCCD23345B}
	EndGlobalSection
EndGlobal
